<Solution>
  <Folder Name="/src/">
    <Project Path="src/MediaCompany.Application/MediaCompany.Application.csproj" />
    <Project Path="src/MediaCompany.Capability/MediaCompany.Capability.csproj" />
    <Project Path="src/MediaCompany.Credentials/MediaCompany.Credentials.csproj" />
    <Project Path="src/MediaCompany.Deterministic/MediaCompany.Deterministic.csproj" />
    <Project Path="src/MediaCompany.Domain/MediaCompany.Domain.csproj" />
    <Project Path="src/MediaCompany.Host/MediaCompany.Host.csproj" />
    <Project Path="src/MediaCompany.Persistence/MediaCompany.Persistence.csproj" />
    <Project Path="src/MediaCompany.Production/MediaCompany.Production.csproj" />
  </Folder>
  <Folder Name="/tests/">
    <Project Path="tests/MediaCompany.Architecture.Tests/MediaCompany.Architecture.Tests.csproj" />
    <Project Path="tests/MediaCompany.Capability.Tests/MediaCompany.Capability.Tests.csproj" />
    <Project Path="tests/MediaCompany.Deterministic.Tests/MediaCompany.Deterministic.Tests.csproj" />
    <Project Path="tests/MediaCompany.Domain.Tests/MediaCompany.Domain.Tests.csproj" />
    <Project Path="tests/MediaCompany.Persistence.Tests/MediaCompany.Persistence.Tests.csproj" />
  </Folder>
</Solution>
